
Microsoft Visual Studio Solution File, Format Version 12.00
# Visual Studio Version 16
VisualStudioVersion = 16.0.30621.155
MinimumVisualStudioVersion = 10.0.40219.1
Project("{FAE04EC0-301F-11D3-BF4B-00C04F79EFBC}") = "Cours_2", "Cours_2.csproj", "{5E6710D1-59D7-423F-BDAE-E7D3CE48963C}"
EndProject
Project("{2150E333-8FDC-42A3-9474-1A3956D46DE8}") = "Solution Items", "Solution Items", "{7A406DE2-405A-4824-AA05-A516F76EA5BD}"
EndProject
Global
	GlobalSection(SolutionConfigurationPlatforms) = preSolution
		Debug|Any CPU = Debug|Any CPU
		Release|Any CPU = Release|Any CPU
	EndGlobalSection
	GlobalSection(ProjectConfigurationPlatforms) = postSolution
		{5E6710D1-59D7-423F-BDAE-E7D3CE48963C}.Debug|Any CPU.ActiveCfg = Debug|Any CPU
		{5E6710D1-59D7-423F-BDAE-E7D3CE48963C}.Debug|Any CPU.Build.0 = Debug|Any CPU
		{5E6710D1-59D7-423F-BDAE-E7D3CE48963C}.Release|Any CPU.ActiveCfg = Release|Any CPU
		{5E6710D1-59D7-423F-BDAE-E7D3CE48963C}.Release|Any CPU.Build.0 = Release|Any CPU
	EndGlobalSection
	GlobalSection(SolutionProperties) = preSolution
		HideSolutionNode = FALSE
	EndGlobalSection
	GlobalSection(ExtensibilityGlobals) = postSolution
		SolutionGuid = {62E75241-45B2-4A10-BEE9-128F6DE1213D}
	EndGlobalSection
EndGlobal
